{
  "name": "simpletreeutils",
  "version": "1.0.0",
  "lockfileVersion": 3,
  "requires": true,
  "packages": {
    "": {
      "name": "simpletreeutils",
      "version": "1.0.0",
      "license": "ISC",
      "dependencies": {
        "simple-tree-utils": "^3.3.0"
      }
    },
    "node_modules/simple-tree-utils": {
      "version": "3.3.0",
      "resolved": "https://registry.npmjs.org/simple-tree-utils/-/simple-tree-utils-3.3.0.tgz",
      "integrity": "sha512-ehA87bZY0e5HSH5eO3d2JvO1P+0qIbF+QNYK8/wCTNp0VOuqi2XZdcbk8YQc8DR/YjfVu2IHwuw5l1LU/SeXdg==",
      "license": "MIT"
    }
  }
}
